
Microsoft Visual Studio Solution File, Format Version 12.00
# Visual Studio Version 16
VisualStudioVersion = 16.0.29001.49
MinimumVisualStudioVersion = 10.0.40219.1
Project("{FAE04EC0-301F-11D3-BF4B-00C04F79EFBC}") = "HealthLogix", "HealthLogix\HealthLogix.csproj", "{07C8AFFC-5CE3-4F9B-BA76-044CCC99F776}"
EndProject
Global
	GlobalSection(SolutionConfigurationPlatforms) = preSolution
		Debug|Any CPU = Debug|Any CPU
		Release|Any CPU = Release|Any CPU
	EndGlobalSection
	GlobalSection(ProjectConfigurationPlatforms) = postSolution
		{07C8AFFC-5CE3-4F9B-BA76-044CCC99F776}.Debug|Any CPU.ActiveCfg = Debug|Any CPU
		{07C8AFFC-5CE3-4F9B-BA76-044CCC99F776}.Debug|Any CPU.Build.0 = Debug|Any CPU
		{07C8AFFC-5CE3-4F9B-BA76-044CCC99F776}.Release|Any CPU.ActiveCfg = Release|Any CPU
		{07C8AFFC-5CE3-4F9B-BA76-044CCC99F776}.Release|Any CPU.Build.0 = Release|Any CPU
	EndGlobalSection
	GlobalSection(SolutionProperties) = preSolution
		HideSolutionNode = FALSE
	EndGlobalSection
	GlobalSection(ExtensibilityGlobals) = postSolution
		SolutionGuid = {C138D527-3C54-45FB-8FED-103C4C89012A}
	EndGlobalSection
EndGlobal
